{
  "name": "safe-project",
  "version": "0.0.1",
  "lockfileVersion": 3,
  "requires": true,
  "packages": {
    "": {
      "name": "safe-project",
      "version": "0.0.1",
      "dependencies": {
        "lodash": "4.17.21"
      }
    },
    "node_modules/lodash": {
      "version": "4.17.21",
      "resolved": "https://registry.npmjs.org/lodash/-/lodash-4.17.21.tgz",
      "integrity": "sha512-v2kDEe57lecTulaN7BvQNKk9JBvE7SzFDuLRHZuF9Y9pIn9L2uwS92E83BtsJS5oEFdYjp9WkSWOizGzU2Yb4Q=="
    }
  },
  "dependencies": {
    "lodash": {
      "version": "4.17.21",
      "resolved": "https://registry.npmjs.org/lodash/-/lodash-4.17.21.tgz",
      "integrity": "sha512-v2kDEe57lecTulaN7BvQNKk9JBvE7SzFDuLRHZuF9Y9pIn9L2uwS92E83BtsJS5oEFdYjp9WkSWOizGzU2Yb4Q=="
    }
  }
}
